
Microsoft Visual Studio Solution File, Format Version 12.00
# Visual Studio 15
VisualStudioVersion = 15.0.26730.3
MinimumVisualStudioVersion = 10.0.40219.1
Project("{FAE04EC0-301F-11D3-BF4B-00C04F79EFBC}") = "BuildingManagement", "BuildingManagement\BuildingManagement.csproj", "{C4A96DFA-C130-4C28-AC71-ECB4163B8B87}"
EndProject
Project("{FAE04EC0-301F-11D3-BF4B-00C04F79EFBC}") = "BuildingManagement.Tests", "BuildingManagement.Tests\BuildingManagement.Tests.csproj", "{77F6A8F6-78A2-4F2D-892E-669848CF77D9}"
EndProject
Global
	GlobalSection(SolutionConfigurationPlatforms) = preSolution
		Debug|Any CPU = Debug|Any CPU
		Release|Any CPU = Release|Any CPU
	EndGlobalSection
	GlobalSection(ProjectConfigurationPlatforms) = postSolution
		{C4A96DFA-C130-4C28-AC71-ECB4163B8B87}.Debug|Any CPU.ActiveCfg = Debug|Any CPU
		{C4A96DFA-C130-4C28-AC71-ECB4163B8B87}.Debug|Any CPU.Build.0 = Debug|Any CPU
		{C4A96DFA-C130-4C28-AC71-ECB4163B8B87}.Release|Any CPU.ActiveCfg = Release|Any CPU
		{C4A96DFA-C130-4C28-AC71-ECB4163B8B87}.Release|Any CPU.Build.0 = Release|Any CPU
		{77F6A8F6-78A2-4F2D-892E-669848CF77D9}.Debug|Any CPU.ActiveCfg = Debug|Any CPU
		{77F6A8F6-78A2-4F2D-892E-669848CF77D9}.Debug|Any CPU.Build.0 = Debug|Any CPU
		{77F6A8F6-78A2-4F2D-892E-669848CF77D9}.Release|Any CPU.ActiveCfg = Release|Any CPU
		{77F6A8F6-78A2-4F2D-892E-669848CF77D9}.Release|Any CPU.Build.0 = Release|Any CPU
	EndGlobalSection
	GlobalSection(SolutionProperties) = preSolution
		HideSolutionNode = FALSE
	EndGlobalSection
	GlobalSection(ExtensibilityGlobals) = postSolution
		SolutionGuid = {D0BB844F-E666-4066-97B4-E490A37E8775}
	EndGlobalSection
EndGlobal
